
Microsoft Visual Studio Solution File, Format Version 12.00
# Visual Studio Version 17
VisualStudioVersion = 17.11.35312.102
MinimumVisualStudioVersion = 10.0.40219.1
Project("{8BC9CEB8-8B4A-11D0-8D11-00A0C91BC942}") = "test_11_11", "test_11_11\test_11_11.vcxproj", "{8F56585A-E35A-4445-90DD-6D7A47569DDC}"
EndProject
Global
	GlobalSection(SolutionConfigurationPlatforms) = preSolution
		Debug|x64 = Debug|x64
		Debug|x86 = Debug|x86
		Release|x64 = Release|x64
		Release|x86 = Release|x86
	EndGlobalSection
	GlobalSection(ProjectConfigurationPlatforms) = postSolution
		{8F56585A-E35A-4445-90DD-6D7A47569DDC}.Debug|x64.ActiveCfg = Debug|x64
		{8F56585A-E35A-4445-90DD-6D7A47569DDC}.Debug|x64.Build.0 = Debug|x64
		{8F56585A-E35A-4445-90DD-6D7A47569DDC}.Debug|x86.ActiveCfg = Debug|Win32
		{8F56585A-E35A-4445-90DD-6D7A47569DDC}.Debug|x86.Build.0 = Debug|Win32
		{8F56585A-E35A-4445-90DD-6D7A47569DDC}.Release|x64.ActiveCfg = Release|x64
		{8F56585A-E35A-4445-90DD-6D7A47569DDC}.Release|x64.Build.0 = Release|x64
		{8F56585A-E35A-4445-90DD-6D7A47569DDC}.Release|x86.ActiveCfg = Release|Win32
		{8F56585A-E35A-4445-90DD-6D7A47569DDC}.Release|x86.Build.0 = Release|Win32
	EndGlobalSection
	GlobalSection(SolutionProperties) = preSolution
		HideSolutionNode = FALSE
	EndGlobalSection
	GlobalSection(ExtensibilityGlobals) = postSolution
		SolutionGuid = {C6D148CA-E73A-40B1-8E19-E958CBEEAF9D}
	EndGlobalSection
EndGlobal
